
Microsoft Visual Studio Solution File, Format Version 12.00
# Visual Studio Version 17
VisualStudioVersion = 17.5.33516.290
MinimumVisualStudioVersion = 10.0.40219.1
Project("{FAE04EC0-301F-11D3-BF4B-00C04F79EFBC}") = "azure-pipelines-remote-tasks", "azure-pipelines-remote-tasks.csproj", "{7AFAEBFE-0FB4-4C96-BC5D-C4E75C4DCF90}"
EndProject
Global
	GlobalSection(SolutionConfigurationPlatforms) = preSolution
		Debug|Any CPU = Debug|Any CPU
		Release|Any CPU = Release|Any CPU
	EndGlobalSection
	GlobalSection(ProjectConfigurationPlatforms) = postSolution
		{7AFAEBFE-0FB4-4C96-BC5D-C4E75C4DCF90}.Debug|Any CPU.ActiveCfg = Debug|Any CPU
		{7AFAEBFE-0FB4-4C96-BC5D-C4E75C4DCF90}.Debug|Any CPU.Build.0 = Debug|Any CPU
		{7AFAEBFE-0FB4-4C96-BC5D-C4E75C4DCF90}.Release|Any CPU.ActiveCfg = Release|Any CPU
		{7AFAEBFE-0FB4-4C96-BC5D-C4E75C4DCF90}.Release|Any CPU.Build.0 = Release|Any CPU
	EndGlobalSection
	GlobalSection(SolutionProperties) = preSolution
		HideSolutionNode = FALSE
	EndGlobalSection
	GlobalSection(ExtensibilityGlobals) = postSolution
		SolutionGuid = {1A2F1B23-E7E3-4D4A-951B-15EC8BE5C9D8}
	EndGlobalSection
EndGlobal
